
Microsoft Visual Studio Solution File, Format Version 12.00
# Visual Studio Version 16
VisualStudioVersion = 16.0.29209.62
MinimumVisualStudioVersion = 10.0.40219.1
Project("{FAE04EC0-301F-11D3-BF4B-00C04F79EFBC}") = "HelloWorld", "HelloWorld\HelloWorld.csproj", "{97E498F0-3904-4874-9007-C8BF1DE28C21}"
EndProject
Project("{FAE04EC0-301F-11D3-BF4B-00C04F79EFBC}") = "Variables", "Variables\Variables.csproj", "{10782611-C31D-4D7A-8CFA-94869DCA7189}"
EndProject
Project("{FAE04EC0-301F-11D3-BF4B-00C04F79EFBC}") = "InOut", "InOut\InOut.csproj", "{1BF37DDB-FA31-48AB-AD99-6335852DB092}"
EndProject
Project("{FAE04EC0-301F-11D3-BF4B-00C04F79EFBC}") = "Conditions", "Conditions\Conditions.csproj", "{84D2D00C-C856-4BB9-98FD-99F837374DF1}"
EndProject
Global
	GlobalSection(SolutionConfigurationPlatforms) = preSolution
		Debug|Any CPU = Debug|Any CPU
		Release|Any CPU = Release|Any CPU
	EndGlobalSection
	GlobalSection(ProjectConfigurationPlatforms) = postSolution
		{97E498F0-3904-4874-9007-C8BF1DE28C21}.Debug|Any CPU.ActiveCfg = Debug|Any CPU
		{97E498F0-3904-4874-9007-C8BF1DE28C21}.Debug|Any CPU.Build.0 = Debug|Any CPU
		{97E498F0-3904-4874-9007-C8BF1DE28C21}.Release|Any CPU.ActiveCfg = Release|Any CPU
		{97E498F0-3904-4874-9007-C8BF1DE28C21}.Release|Any CPU.Build.0 = Release|Any CPU
		{10782611-C31D-4D7A-8CFA-94869DCA7189}.Debug|Any CPU.ActiveCfg = Debug|Any CPU
		{10782611-C31D-4D7A-8CFA-94869DCA7189}.Debug|Any CPU.Build.0 = Debug|Any CPU
		{10782611-C31D-4D7A-8CFA-94869DCA7189}.Release|Any CPU.ActiveCfg = Release|Any CPU
		{10782611-C31D-4D7A-8CFA-94869DCA7189}.Release|Any CPU.Build.0 = Release|Any CPU
		{1BF37DDB-FA31-48AB-AD99-6335852DB092}.Debug|Any CPU.ActiveCfg = Debug|Any CPU
		{1BF37DDB-FA31-48AB-AD99-6335852DB092}.Debug|Any CPU.Build.0 = Debug|Any CPU
		{1BF37DDB-FA31-48AB-AD99-6335852DB092}.Release|Any CPU.ActiveCfg = Release|Any CPU
		{1BF37DDB-FA31-48AB-AD99-6335852DB092}.Release|Any CPU.Build.0 = Release|Any CPU
		{84D2D00C-C856-4BB9-98FD-99F837374DF1}.Debug|Any CPU.ActiveCfg = Debug|Any CPU
		{84D2D00C-C856-4BB9-98FD-99F837374DF1}.Debug|Any CPU.Build.0 = Debug|Any CPU
		{84D2D00C-C856-4BB9-98FD-99F837374DF1}.Release|Any CPU.ActiveCfg = Release|Any CPU
		{84D2D00C-C856-4BB9-98FD-99F837374DF1}.Release|Any CPU.Build.0 = Release|Any CPU
	EndGlobalSection
	GlobalSection(SolutionProperties) = preSolution
		HideSolutionNode = FALSE
	EndGlobalSection
	GlobalSection(ExtensibilityGlobals) = postSolution
		SolutionGuid = {64D1CBAC-58EF-47FB-994D-8D9FCF916B47}
	EndGlobalSection
EndGlobal
