
Microsoft Visual Studio Solution File, Format Version 12.00
# Visual Studio Version 16
VisualStudioVersion = 16.0.29209.62
MinimumVisualStudioVersion = 10.0.40219.1
Project("{FAE04EC0-301F-11D3-BF4B-00C04F79EFBC}") = "LoadArray", "LoadArray\LoadArray.csproj", "{A8472E9B-C7FC-4FD5-8137-77922BD59D9D}"
EndProject
Global
	GlobalSection(SolutionConfigurationPlatforms) = preSolution
		Debug|Any CPU = Debug|Any CPU
		Release|Any CPU = Release|Any CPU
	EndGlobalSection
	GlobalSection(ProjectConfigurationPlatforms) = postSolution
		{A8472E9B-C7FC-4FD5-8137-77922BD59D9D}.Debug|Any CPU.ActiveCfg = Debug|Any CPU
		{A8472E9B-C7FC-4FD5-8137-77922BD59D9D}.Debug|Any CPU.Build.0 = Debug|Any CPU
		{A8472E9B-C7FC-4FD5-8137-77922BD59D9D}.Release|Any CPU.ActiveCfg = Release|Any CPU
		{A8472E9B-C7FC-4FD5-8137-77922BD59D9D}.Release|Any CPU.Build.0 = Release|Any CPU
	EndGlobalSection
	GlobalSection(SolutionProperties) = preSolution
		HideSolutionNode = FALSE
	EndGlobalSection
	GlobalSection(ExtensibilityGlobals) = postSolution
		SolutionGuid = {ACB12A4C-731C-44B4-BD37-2DF3D9CA4718}
	EndGlobalSection
EndGlobal
